PODS:
  - EDSunriseSet (1.0)
  - MagicalRecord (2.2):
    - MagicalRecord/Core (= 2.2)
  - MagicalRecord/Core (2.2)

DEPENDENCIES:
  - EDSunriseSet (~> 1.0)
  - MagicalRecord (~> 2.2)

SPEC CHECKSUMS:
  EDSunriseSet: de06bfe7268534a07a19df7c3ce25625fea4edad
  MagicalRecord: 2b471584fc9e3137f3d0a56967917baa4979e224

COCOAPODS: 0.36.0
