// !$*UTF8*$!
{
	archiveVersion = 1;
	classes = {
	};
	objectVersion = 46;
	objects = {

/* Begin PBXBuildFile section */
		2544787B1AB63411002FA3CB /* SettingsModalViewController.swift in Sources */ = {isa = PBXBuildFile; fileRef = 254478791AB63411002FA3CB /* SettingsModalViewController.swift */; };
		2544787C1AB63411002FA3CB /* SettingsModalViewController.xib in Resources */ = {isa = PBXBuildFile; fileRef = 2544787A1AB63411002FA3CB /* SettingsModalViewController.xib */; };
		25E7C68E1AA8284100431A81 /* AppDelegate.swift in Sources */ = {isa = PBXBuildFile; fileRef = 25E7C68D1AA8284100431A81 /* AppDelegate.swift */; };
		25E7C6911AA8284100431A81 /* alarm.xcdatamodeld in Sources */ = {isa = PBXBuildFile; fileRef = 25E7C68F1AA8284100431A81 /* alarm.xcdatamodeld */; };
		25E7C6981AA8284100431A81 /* Images.xcassets in Resources */ = {isa = PBXBuildFile; fileRef = 25E7C6971AA8284100431A81 /* Images.xcassets */; };
		25E7C69B1AA8284100431A81 /* LaunchScreen.xib in Resources */ = {isa = PBXBuildFile; fileRef = 25E7C6991AA8284100431A81 /* LaunchScreen.xib */; };
		25E7C6A71AA8284100431A81 /* alarmTests.swift in Sources */ = {isa = PBXBuildFile; fileRef = 25E7C6A61AA8284100431A81 /* alarmTests.swift */; };
		25FC1DDA1AB92E5700D9D67B /* day.jpg in Resources */ = {isa = PBXBuildFile; fileRef = 25FC1DD61AB92E5700D9D67B /* day.jpg */; };
		25FC1DDB1AB92E5700D9D67B /* night.jpg in Resources */ = {isa = PBXBuildFile; fileRef = 25FC1DD71AB92E5700D9D67B /* night.jpg */; };
		25FC1DDC1AB92E5700D9D67B /* sunrise.png in Resources */ = {isa = PBXBuildFile; fileRef = 25FC1DD81AB92E5700D9D67B /* sunrise.png */; };
		25FC1DDD1AB92E5700D9D67B /* sunset.png in Resources */ = {isa = PBXBuildFile; fileRef = 25FC1DD91AB92E5700D9D67B /* sunset.png */; };
		273C35A01AAFFCDC00743B33 /* ScheduleViewController.swift in Sources */ = {isa = PBXBuildFile; fileRef = 273C359E1AAFFCDC00743B33 /* ScheduleViewController.swift */; };
		273C35A11AAFFCDC00743B33 /* ScheduleViewController.xib in Resources */ = {isa = PBXBuildFile; fileRef = 273C359F1AAFFCDC00743B33 /* ScheduleViewController.xib */; };
		273C35A41AAFFEDC00743B33 /* ScheduleTableViewCell.swift in Sources */ = {isa = PBXBuildFile; fileRef = 273C35A21AAFFEDC00743B33 /* ScheduleTableViewCell.swift */; };
		273C35A51AAFFEDC00743B33 /* ScheduleTableViewCell.xib in Resources */ = {isa = PBXBuildFile; fileRef = 273C35A31AAFFEDC00743B33 /* ScheduleTableViewCell.xib */; };
		273E0DCE1AAD4074005D73E3 /* TimePickerViewController.swift in Sources */ = {isa = PBXBuildFile; fileRef = 273E0DCC1AAD4074005D73E3 /* TimePickerViewController.swift */; };
		273E0DCF1AAD4074005D73E3 /* TimePickerViewController.xib in Resources */ = {isa = PBXBuildFile; fileRef = 273E0DCD1AAD4074005D73E3 /* TimePickerViewController.xib */; };
		273E0DD31AAD6591005D73E3 /* TimePresenter.swift in Sources */ = {isa = PBXBuildFile; fileRef = 273E0DD21AAD6591005D73E3 /* TimePresenter.swift */; };
		274DA5681AB4E08900891EBF /* HomeViewController.swift in Sources */ = {isa = PBXBuildFile; fileRef = 274DA5661AB4E08900891EBF /* HomeViewController.swift */; };
		274DA5691AB4E08900891EBF /* HomeViewController.xib in Resources */ = {isa = PBXBuildFile; fileRef = 274DA5671AB4E08900891EBF /* HomeViewController.xib */; };
		2751201C1AB5AB9A007F1219 /* RawTime.swift in Sources */ = {isa = PBXBuildFile; fileRef = 2751201B1AB5AB9A007F1219 /* RawTime.swift */; };
		2751201E1AB5C738007F1219 /* AlarmPickerPresenter.swift in Sources */ = {isa = PBXBuildFile; fileRef = 2751201D1AB5C738007F1219 /* AlarmPickerPresenter.swift */; };
		275120201AB60D4C007F1219 /* LocationHelper.swift in Sources */ = {isa = PBXBuildFile; fileRef = 2751201F1AB60D4C007F1219 /* LocationHelper.swift */; };
		275120221AB64932007F1219 /* SoundMonitorHelper.swift in Sources */ = {isa = PBXBuildFile; fileRef = 275120211AB64932007F1219 /* SoundMonitorHelper.swift */; };
		275120261AB8E4F6007F1219 /* AlarmHelper.swift in Sources */ = {isa = PBXBuildFile; fileRef = 275120251AB8E4F6007F1219 /* AlarmHelper.swift */; };
		277FFD0A1ABA10890003BE2A /* AlarmManager.swift in Sources */ = {isa = PBXBuildFile; fileRef = 277FFD091ABA10890003BE2A /* AlarmManager.swift */; };
		27A71A991AB51551003CABC4 /* SunriseHelper.swift in Sources */ = {isa = PBXBuildFile; fileRef = 27A71A981AB51551003CABC4 /* SunriseHelper.swift */; };
		27C827981AB4FCA20021CCD3 /* BlurViewPresenter.swift in Sources */ = {isa = PBXBuildFile; fileRef = 27C827971AB4FCA20021CCD3 /* BlurViewPresenter.swift */; };
		27FE93831AB00FE600059E18 /* AlarmEntity.swift in Sources */ = {isa = PBXBuildFile; fileRef = 27FE93821AB00FE600059E18 /* AlarmEntity.swift */; };
		76C06047841EFB0C443D54BB /* libPods-alarm.a in Frameworks */ = {isa = PBXBuildFile; fileRef = 225B0BBD7F243D40B3608C0A /* libPods-alarm.a */; };
/* End PBXBuildFile section */

/* Begin PBXContainerItemProxy section */
		25E7C6A11AA8284100431A81 /* PBXContainerItemProxy */ = {
			isa = PBXContainerItemProxy;
			containerPortal = 25E7C6801AA8284100431A81 /* Project object */;
			proxyType = 1;
			remoteGlobalIDString = 25E7C6871AA8284100431A81;
			remoteInfo = alarm;
		};
/* End PBXContainerItemProxy section */

/* Begin PBXFileReference section */
		12B39A0D2F7E331BB496FA50 /* Pods-alarm.debug.xcconfig */ = {isa = PBXFileReference; includeInIndex = 1; lastKnownFileType = text.xcconfig; name = "Pods-alarm.debug.xcconfig"; path = "Pods/Target Support Files/Pods-alarm/Pods-alarm.debug.xcconfig"; sourceTree = "<group>"; };
		225B0BBD7F243D40B3608C0A /* libPods-alarm.a */ = {isa = PBXFileReference; explicitFileType = archive.ar; includeInIndex = 0; path = "libPods-alarm.a"; sourceTree = BUILT_PRODUCTS_DIR; };
		254478791AB63411002FA3CB /* SettingsModalViewController.swift */ = {isa = PBXFileReference; fileEncoding = 4; lastKnownFileType = sourcecode.swift; path = SettingsModalViewController.swift; sourceTree = "<group>"; };
		2544787A1AB63411002FA3CB /* SettingsModalViewController.xib */ = {isa = PBXFileReference; fileEncoding = 4; lastKnownFileType = file.xib; path = SettingsModalViewController.xib; sourceTree = "<group>"; };
		256C67C21AAEA6320074F260 /* alarm-Bridging-Header.h */ = {isa = PBXFileReference; lastKnownFileType = sourcecode.c.h; path = "alarm-Bridging-Header.h"; sourceTree = "<group>"; };
		25E7C6881AA8284100431A81 /* alarm.app */ = {isa = PBXFileReference; explicitFileType = wrapper.application; includeInIndex = 0; path = alarm.app; sourceTree = BUILT_PRODUCTS_DIR; };
		25E7C68C1AA8284100431A81 /* Info.plist */ = {isa = PBXFileReference; lastKnownFileType = text.plist.xml; path = Info.plist; sourceTree = "<group>"; };
		25E7C68D1AA8284100431A81 /* AppDelegate.swift */ = {isa = PBXFileReference; lastKnownFileType = sourcecode.swift; path = AppDelegate.swift; sourceTree = "<group>"; };
		25E7C6901AA8284100431A81 /* alarm.xcdatamodel */ = {isa = PBXFileReference; lastKnownFileType = wrapper.xcdatamodel; path = alarm.xcdatamodel; sourceTree = "<group>"; };
		25E7C6971AA8284100431A81 /* Images.xcassets */ = {isa = PBXFileReference; lastKnownFileType = folder.assetcatalog; path = Images.xcassets; sourceTree = "<group>"; };
		25E7C69A1AA8284100431A81 /* Base */ = {isa = PBXFileReference; lastKnownFileType = file.xib; name = Base; path = Base.lproj/LaunchScreen.xib; sourceTree = "<group>"; };
		25E7C6A01AA8284100431A81 /* alarmTests.xctest */ = {isa = PBXFileReference; explicitFileType = wrapper.cfbundle; includeInIndex = 0; path = alarmTests.xctest; sourceTree = BUILT_PRODUCTS_DIR; };
		25E7C6A51AA8284100431A81 /* Info.plist */ = {isa = PBXFileReference; lastKnownFileType = text.plist.xml; path = Info.plist; sourceTree = "<group>"; };
		25E7C6A61AA8284100431A81 /* alarmTests.swift */ = {isa = PBXFileReference; lastKnownFileType = sourcecode.swift; path = alarmTests.swift; sourceTree = "<group>"; };
		25FC1DD61AB92E5700D9D67B /* day.jpg */ = {isa = PBXFileReference; lastKnownFileType = image.jpeg; path = day.jpg; sourceTree = "<group>"; };
		25FC1DD71AB92E5700D9D67B /* night.jpg */ = {isa = PBXFileReference; lastKnownFileType = image.jpeg; path = night.jpg; sourceTree = "<group>"; };
		25FC1DD81AB92E5700D9D67B /* sunrise.png */ = {isa = PBXFileReference; lastKnownFileType = image.png; path = sunrise.png; sourceTree = "<group>"; };
		25FC1DD91AB92E5700D9D67B /* sunset.png */ = {isa = PBXFileReference; lastKnownFileType = image.png; path = sunset.png; sourceTree = "<group>"; };
		273C359E1AAFFCDC00743B33 /* ScheduleViewController.swift */ = {isa = PBXFileReference; fileEncoding = 4; lastKnownFileType = sourcecode.swift; path = ScheduleViewController.swift; sourceTree = "<group>"; };
		273C359F1AAFFCDC00743B33 /* ScheduleViewController.xib */ = {isa = PBXFileReference; fileEncoding = 4; lastKnownFileType = file.xib; path = ScheduleViewController.xib; sourceTree = "<group>"; };
		273C35A21AAFFEDC00743B33 /* ScheduleTableViewCell.swift */ = {isa = PBXFileReference; fileEncoding = 4; lastKnownFileType = sourcecode.swift; path = ScheduleTableViewCell.swift; sourceTree = "<group>"; };
		273C35A31AAFFEDC00743B33 /* ScheduleTableViewCell.xib */ = {isa = PBXFileReference; fileEncoding = 4; lastKnownFileType = file.xib; path = ScheduleTableViewCell.xib; sourceTree = "<group>"; };
		273E0DCC1AAD4074005D73E3 /* TimePickerViewController.swift */ = {isa = PBXFileReference; fileEncoding = 4; lastKnownFileType = sourcecode.swift; path = TimePickerViewController.swift; sourceTree = "<group>"; };
		273E0DCD1AAD4074005D73E3 /* TimePickerViewController.xib */ = {isa = PBXFileReference; fileEncoding = 4; lastKnownFileType = file.xib; path = TimePickerViewController.xib; sourceTree = "<group>"; };
		273E0DD01AAD5FAB005D73E3 /* scratch.playground */ = {isa = PBXFileReference; lastKnownFileType = file.playground; path = scratch.playground; sourceTree = "<group>"; };
		273E0DD21AAD6591005D73E3 /* TimePresenter.swift */ = {isa = PBXFileReference; fileEncoding = 4; lastKnownFileType = sourcecode.swift; path = TimePresenter.swift; sourceTree = "<group>"; };
		274DA5661AB4E08900891EBF /* HomeViewController.swift */ = {isa = PBXFileReference; fileEncoding = 4; lastKnownFileType = sourcecode.swift; path = HomeViewController.swift; sourceTree = "<group>"; };
		274DA5671AB4E08900891EBF /* HomeViewController.xib */ = {isa = PBXFileReference; fileEncoding = 4; lastKnownFileType = file.xib; path = HomeViewController.xib; sourceTree = "<group>"; };
		2751201B1AB5AB9A007F1219 /* RawTime.swift */ = {isa = PBXFileReference; fileEncoding = 4; lastKnownFileType = sourcecode.swift; path = RawTime.swift; sourceTree = "<group>"; };
		2751201D1AB5C738007F1219 /* AlarmPickerPresenter.swift */ = {isa = PBXFileReference; fileEncoding = 4; lastKnownFileType = sourcecode.swift; path = AlarmPickerPresenter.swift; sourceTree = "<group>"; };
		2751201F1AB60D4C007F1219 /* LocationHelper.swift */ = {isa = PBXFileReference; fileEncoding = 4; lastKnownFileType = sourcecode.swift; path = LocationHelper.swift; sourceTree = "<group>"; };
		275120211AB64932007F1219 /* SoundMonitorHelper.swift */ = {isa = PBXFileReference; fileEncoding = 4; lastKnownFileType = sourcecode.swift; path = SoundMonitorHelper.swift; sourceTree = "<group>"; };
		275120251AB8E4F6007F1219 /* AlarmHelper.swift */ = {isa = PBXFileReference; fileEncoding = 4; lastKnownFileType = sourcecode.swift; path = AlarmHelper.swift; sourceTree = "<group>"; };
		277FFD091ABA10890003BE2A /* AlarmManager.swift */ = {isa = PBXFileReference; fileEncoding = 4; lastKnownFileType = sourcecode.swift; path = AlarmManager.swift; sourceTree = "<group>"; };
		27A71A981AB51551003CABC4 /* SunriseHelper.swift */ = {isa = PBXFileReference; fileEncoding = 4; lastKnownFileType = sourcecode.swift; path = SunriseHelper.swift; sourceTree = "<group>"; };
		27C827971AB4FCA20021CCD3 /* BlurViewPresenter.swift */ = {isa = PBXFileReference; fileEncoding = 4; lastKnownFileType = sourcecode.swift; path = BlurViewPresenter.swift; sourceTree = "<group>"; };
		27FE93821AB00FE600059E18 /* AlarmEntity.swift */ = {isa = PBXFileReference; fileEncoding = 4; lastKnownFileType = sourcecode.swift; path = AlarmEntity.swift; sourceTree = "<group>"; };
		B44D3343037B9278CEFF019A /* Pods-alarm.release.xcconfig */ = {isa = PBXFileReference; includeInIndex = 1; lastKnownFileType = text.xcconfig; name = "Pods-alarm.release.xcconfig"; path = "Pods/Target Support Files/Pods-alarm/Pods-alarm.release.xcconfig"; sourceTree = "<group>"; };
/* End PBXFileReference section */

/* Begin PBXFrameworksBuildPhase section */
		25E7C6851AA8284100431A81 /* Frameworks */ = {
			isa = PBXFrameworksBuildPhase;
			buildActionMask = 2147483647;
			files = (
				76C06047841EFB0C443D54BB /* libPods-alarm.a in Frameworks */,
			);
			runOnlyForDeploymentPostprocessing = 0;
		};
		25E7C69D1AA8284100431A81 /* Frameworks */ = {
			isa = PBXFrameworksBuildPhase;
			buildActionMask = 2147483647;
			files = (
			);
			runOnlyForDeploymentPostprocessing = 0;
		};
/* End PBXFrameworksBuildPhase section */

/* Begin PBXGroup section */
		253F9DFC1AA95162007A1457 /* Controllers */ = {
			isa = PBXGroup;
			children = (
				274DA5661AB4E08900891EBF /* HomeViewController.swift */,
				273C35A21AAFFEDC00743B33 /* ScheduleTableViewCell.swift */,
				273C359E1AAFFCDC00743B33 /* ScheduleViewController.swift */,
				254478791AB63411002FA3CB /* SettingsModalViewController.swift */,
				273E0DCC1AAD4074005D73E3 /* TimePickerViewController.swift */,
			);
			name = Controllers;
			sourceTree = "<group>";
		};
		254B59CD1AABA36E00A7E3F1 /* Views */ = {
			isa = PBXGroup;
			children = (
				274DA5671AB4E08900891EBF /* HomeViewController.xib */,
				25E7C6991AA8284100431A81 /* LaunchScreen.xib */,
				273C35A31AAFFEDC00743B33 /* ScheduleTableViewCell.xib */,
				273C359F1AAFFCDC00743B33 /* ScheduleViewController.xib */,
				2544787A1AB63411002FA3CB /* SettingsModalViewController.xib */,
				273E0DCD1AAD4074005D73E3 /* TimePickerViewController.xib */,
			);
			name = Views;
			sourceTree = "<group>";
		};
		25E7C67F1AA8284100431A81 = {
			isa = PBXGroup;
			children = (
				273E0DD01AAD5FAB005D73E3 /* scratch.playground */,
				25E7C68A1AA8284100431A81 /* alarm */,
				25E7C6A31AA8284100431A81 /* alarmTests */,
				25E7C6891AA8284100431A81 /* Products */,
				39C66CE13E8DFFD97A0650FC /* Pods */,
				A1FFBE7D1FB3B8E248EE8966 /* Frameworks */,
			);
			sourceTree = "<group>";
		};
		25E7C6891AA8284100431A81 /* Products */ = {
			isa = PBXGroup;
			children = (
				25E7C6881AA8284100431A81 /* alarm.app */,
				25E7C6A01AA8284100431A81 /* alarmTests.xctest */,
			);
			name = Products;
			sourceTree = "<group>";
		};
		25E7C68A1AA8284100431A81 /* alarm */ = {
			isa = PBXGroup;
			children = (
				25FC1DD51AB92DDF00D9D67B /* Assets */,
				253F9DFC1AA95162007A1457 /* Controllers */,
				273E0DD11AAD655B005D73E3 /* Lib */,
				27FE937F1AB0088700059E18 /* Models */,
				25E7C68B1AA8284100431A81 /* Supporting Files */,
				254B59CD1AABA36E00A7E3F1 /* Views */,
				25E7C68F1AA8284100431A81 /* alarm.xcdatamodeld */,
				256C67C21AAEA6320074F260 /* alarm-Bridging-Header.h */,
				25E7C68D1AA8284100431A81 /* AppDelegate.swift */,
			);
			path = alarm;
			sourceTree = "<group>";
		};
		25E7C68B1AA8284100431A81 /* Supporting Files */ = {
			isa = PBXGroup;
			children = (
				25E7C6971AA8284100431A81 /* Images.xcassets */,
				25E7C68C1AA8284100431A81 /* Info.plist */,
			);
			name = "Supporting Files";
			sourceTree = "<group>";
		};
		25E7C6A31AA8284100431A81 /* alarmTests */ = {
			isa = PBXGroup;
			children = (
				25E7C6A61AA8284100431A81 /* alarmTests.swift */,
				25E7C6A41AA8284100431A81 /* Supporting Files */,
			);
			path = alarmTests;
			sourceTree = "<group>";
		};
		25E7C6A41AA8284100431A81 /* Supporting Files */ = {
			isa = PBXGroup;
			children = (
				25E7C6A51AA8284100431A81 /* Info.plist */,
			);
			name = "Supporting Files";
			sourceTree = "<group>";
		};
		25FC1DD51AB92DDF00D9D67B /* Assets */ = {
			isa = PBXGroup;
			children = (
				25FC1DD61AB92E5700D9D67B /* day.jpg */,
				25FC1DD71AB92E5700D9D67B /* night.jpg */,
				25FC1DD81AB92E5700D9D67B /* sunrise.png */,
				25FC1DD91AB92E5700D9D67B /* sunset.png */,
			);
			name = Assets;
			sourceTree = "<group>";
		};
		273E0DD11AAD655B005D73E3 /* Lib */ = {
			isa = PBXGroup;
			children = (
				275120251AB8E4F6007F1219 /* AlarmHelper.swift */,
				277FFD091ABA10890003BE2A /* AlarmManager.swift */,
				2751201D1AB5C738007F1219 /* AlarmPickerPresenter.swift */,
				27C827971AB4FCA20021CCD3 /* BlurViewPresenter.swift */,
				2751201F1AB60D4C007F1219 /* LocationHelper.swift */,
				2751201B1AB5AB9A007F1219 /* RawTime.swift */,
				275120211AB64932007F1219 /* SoundMonitorHelper.swift */,
				27A71A981AB51551003CABC4 /* SunriseHelper.swift */,
				273E0DD21AAD6591005D73E3 /* TimePresenter.swift */,
			);
			name = Lib;
			sourceTree = "<group>";
		};
		27FE937F1AB0088700059E18 /* Models */ = {
			isa = PBXGroup;
			children = (
				27FE93821AB00FE600059E18 /* AlarmEntity.swift */,
			);
			name = Models;
			sourceTree = "<group>";
		};
		39C66CE13E8DFFD97A0650FC /* Pods */ = {
			isa = PBXGroup;
			children = (
				12B39A0D2F7E331BB496FA50 /* Pods-alarm.debug.xcconfig */,
				B44D3343037B9278CEFF019A /* Pods-alarm.release.xcconfig */,
			);
			name = Pods;
			sourceTree = "<group>";
		};
		A1FFBE7D1FB3B8E248EE8966 /* Frameworks */ = {
			isa = PBXGroup;
			children = (
				225B0BBD7F243D40B3608C0A /* libPods-alarm.a */,
			);
			name = Frameworks;
			sourceTree = "<group>";
		};
/* End PBXGroup section */

/* Begin PBXNativeTarget section */
		25E7C6871AA8284100431A81 /* alarm */ = {
			isa = PBXNativeTarget;
			buildConfigurationList = 25E7C6AA1AA8284100431A81 /* Build configuration list for PBXNativeTarget "alarm" */;
			buildPhases = (
				F784DBC39E994C5728B8A394 /* Check Pods Manifest.lock */,
				25E7C6841AA8284100431A81 /* Sources */,
				25E7C6851AA8284100431A81 /* Frameworks */,
				25E7C6861AA8284100431A81 /* Resources */,
				92ADDD6802CBBE3F7F976711 /* Copy Pods Resources */,
			);
			buildRules = (
			);
			dependencies = (
			);
			name = alarm;
			productName = alarm;
			productReference = 25E7C6881AA8284100431A81 /* alarm.app */;
			productType = "com.apple.product-type.application";
		};
		25E7C69F1AA8284100431A81 /* alarmTests */ = {
			isa = PBXNativeTarget;
			buildConfigurationList = 25E7C6AD1AA8284100431A81 /* Build configuration list for PBXNativeTarget "alarmTests" */;
			buildPhases = (
				25E7C69C1AA8284100431A81 /* Sources */,
				25E7C69D1AA8284100431A81 /* Frameworks */,
				25E7C69E1AA8284100431A81 /* Resources */,
			);
			buildRules = (
			);
			dependencies = (
				25E7C6A21AA8284100431A81 /* PBXTargetDependency */,
			);
			name = alarmTests;
			productName = alarmTests;
			productReference = 25E7C6A01AA8284100431A81 /* alarmTests.xctest */;
			productType = "com.apple.product-type.bundle.unit-test";
		};
/* End PBXNativeTarget section */

/* Begin PBXProject section */
		25E7C6801AA8284100431A81 /* Project object */ = {
			isa = PBXProject;
			attributes = {
				LastUpgradeCheck = 0610;
				ORGANIZATIONNAME = "Kevin Farst";
				TargetAttributes = {
					25E7C6871AA8284100431A81 = {
						CreatedOnToolsVersion = 6.1.1;
						SystemCapabilities = {
							com.apple.BackgroundModes = {
								enabled = 1;
							};
						};
					};
					25E7C69F1AA8284100431A81 = {
						CreatedOnToolsVersion = 6.1.1;
						TestTargetID = 25E7C6871AA8284100431A81;
					};
				};
			};
			buildConfigurationList = 25E7C6831AA8284100431A81 /* Build configuration list for PBXProject "alarm" */;
			compatibilityVersion = "Xcode 3.2";
			developmentRegion = English;
			hasScannedForEncodings = 0;
			knownRegions = (
				en,
				Base,
			);
			mainGroup = 25E7C67F1AA8284100431A81;
			productRefGroup = 25E7C6891AA8284100431A81 /* Products */;
			projectDirPath = "";
			projectRoot = "";
			targets = (
				25E7C6871AA8284100431A81 /* alarm */,
				25E7C69F1AA8284100431A81 /* alarmTests */,
			);
		};
/* End PBXProject section */

/* Begin PBXResourcesBuildPhase section */
		25E7C6861AA8284100431A81 /* Resources */ = {
			isa = PBXResourcesBuildPhase;
			buildActionMask = 2147483647;
			files = (
				25FC1DDB1AB92E5700D9D67B /* night.jpg in Resources */,
				25FC1DDD1AB92E5700D9D67B /* sunset.png in Resources */,
				2544787C1AB63411002FA3CB /* SettingsModalViewController.xib in Resources */,
				25E7C69B1AA8284100431A81 /* LaunchScreen.xib in Resources */,
				25FC1DDC1AB92E5700D9D67B /* sunrise.png in Resources */,
				273C35A11AAFFCDC00743B33 /* ScheduleViewController.xib in Resources */,
				25E7C6981AA8284100431A81 /* Images.xcassets in Resources */,
				25FC1DDA1AB92E5700D9D67B /* day.jpg in Resources */,
				273C35A51AAFFEDC00743B33 /* ScheduleTableViewCell.xib in Resources */,
				273E0DCF1AAD4074005D73E3 /* TimePickerViewController.xib in Resources */,
				274DA5691AB4E08900891EBF /* HomeViewController.xib in Resources */,
			);
			runOnlyForDeploymentPostprocessing = 0;
		};
		25E7C69E1AA8284100431A81 /* Resources */ = {
			isa = PBXResourcesBuildPhase;
			buildActionMask = 2147483647;
			files = (
			);
			runOnlyForDeploymentPostprocessing = 0;
		};
/* End PBXResourcesBuildPhase section */

/* Begin PBXShellScriptBuildPhase section */
		92ADDD6802CBBE3F7F976711 /* Copy Pods Resources */ = {
			isa = PBXShellScriptBuildPhase;
			buildActionMask = 2147483647;
			files = (
			);
			inputPaths = (
			);
			name = "Copy Pods Resources";
			outputPaths = (
			);
			runOnlyForDeploymentPostprocessing = 0;
			shellPath = /bin/sh;
			shellScript = "\"${SRCROOT}/Pods/Target Support Files/Pods-alarm/Pods-alarm-resources.sh\"\n";
			showEnvVarsInLog = 0;
		};
		F784DBC39E994C5728B8A394 /* Check Pods Manifest.lock */ = {
			isa = PBXShellScriptBuildPhase;
			buildActionMask = 2147483647;
			files = (
			);
			inputPaths = (
			);
			name = "Check Pods Manifest.lock";
			outputPaths = (
			);
			runOnlyForDeploymentPostprocessing = 0;
			shellPath = /bin/sh;
			shellScript = "diff \"${PODS_ROOT}/../Podfile.lock\" \"${PODS_ROOT}/Manifest.lock\" > /dev/null\nif [[ $? != 0 ]] ; then\n    cat << EOM\nerror: The sandbox is not in sync with the Podfile.lock. Run 'pod install' or update your CocoaPods installation.\nEOM\n    exit 1\nfi\n";
			showEnvVarsInLog = 0;
		};
/* End PBXShellScriptBuildPhase section */

/* Begin PBXSourcesBuildPhase section */
		25E7C6841AA8284100431A81 /* Sources */ = {
			isa = PBXSourcesBuildPhase;
			buildActionMask = 2147483647;
			files = (
				273C35A01AAFFCDC00743B33 /* ScheduleViewController.swift in Sources */,
				273E0DCE1AAD4074005D73E3 /* TimePickerViewController.swift in Sources */,
				27A71A991AB51551003CABC4 /* SunriseHelper.swift in Sources */,
				27C827981AB4FCA20021CCD3 /* BlurViewPresenter.swift in Sources */,
				2544787B1AB63411002FA3CB /* SettingsModalViewController.swift in Sources */,
				2751201E1AB5C738007F1219 /* AlarmPickerPresenter.swift in Sources */,
				273C35A41AAFFEDC00743B33 /* ScheduleTableViewCell.swift in Sources */,
				277FFD0A1ABA10890003BE2A /* AlarmManager.swift in Sources */,
				275120221AB64932007F1219 /* SoundMonitorHelper.swift in Sources */,
				274DA5681AB4E08900891EBF /* HomeViewController.swift in Sources */,
				275120261AB8E4F6007F1219 /* AlarmHelper.swift in Sources */,
				275120201AB60D4C007F1219 /* LocationHelper.swift in Sources */,
				25E7C68E1AA8284100431A81 /* AppDelegate.swift in Sources */,
				25E7C6911AA8284100431A81 /* alarm.xcdatamodeld in Sources */,
				2751201C1AB5AB9A007F1219 /* RawTime.swift in Sources */,
				273E0DD31AAD6591005D73E3 /* TimePresenter.swift in Sources */,
				27FE93831AB00FE600059E18 /* AlarmEntity.swift in Sources */,
			);
			runOnlyForDeploymentPostprocessing = 0;
		};
		25E7C69C1AA8284100431A81 /* Sources */ = {
			isa = PBXSourcesBuildPhase;
			buildActionMask = 2147483647;
			files = (
				25E7C6A71AA8284100431A81 /* alarmTests.swift in Sources */,
			);
			runOnlyForDeploymentPostprocessing = 0;
		};
/* End PBXSourcesBuildPhase section */

/* Begin PBXTargetDependency section */
		25E7C6A21AA8284100431A81 /* PBXTargetDependency */ = {
			isa = PBXTargetDependency;
			target = 25E7C6871AA8284100431A81 /* alarm */;
			targetProxy = 25E7C6A11AA8284100431A81 /* PBXContainerItemProxy */;
		};
/* End PBXTargetDependency section */

/* Begin PBXVariantGroup section */
		25E7C6991AA8284100431A81 /* LaunchScreen.xib */ = {
			isa = PBXVariantGroup;
			children = (
				25E7C69A1AA8284100431A81 /* Base */,
			);
			name = LaunchScreen.xib;
			sourceTree = "<group>";
		};
/* End PBXVariantGroup section */

/* Begin XCBuildConfiguration section */
		25E7C6A81AA8284100431A81 /* Debug */ = {
			isa = XCBuildConfiguration;
			buildSettings = {
				ALWAYS_SEARCH_USER_PATHS = NO;
				CLANG_CXX_LANGUAGE_STANDARD = "gnu++0x";
				CLANG_CXX_LIBRARY = "libc++";
				CLANG_ENABLE_MODULES = YES;
				CLANG_ENABLE_OBJC_ARC = YES;
				CLANG_WARN_BOOL_CONVERSION = YES;
				CLANG_WARN_CONSTANT_CONVERSION = YES;
				CLANG_WARN_DIRECT_OBJC_ISA_USAGE = YES_ERROR;
				CLANG_WARN_EMPTY_BODY = YES;
				CLANG_WARN_ENUM_CONVERSION = YES;
				CLANG_WARN_INT_CONVERSION = YES;
				CLANG_WARN_OBJC_ROOT_CLASS = YES_ERROR;
				CLANG_WARN_UNREACHABLE_CODE = YES;
				CLANG_WARN__DUPLICATE_METHOD_MATCH = YES;
				"CODE_SIGN_IDENTITY[sdk=iphoneos*]" = "iPhone Developer";
				COPY_PHASE_STRIP = NO;
				ENABLE_STRICT_OBJC_MSGSEND = YES;
				GCC_C_LANGUAGE_STANDARD = gnu99;
				GCC_DYNAMIC_NO_PIC = NO;
				GCC_OPTIMIZATION_LEVEL = 0;
				GCC_PREPROCESSOR_DEFINITIONS = (
					"DEBUG=1",
					"$(inherited)",
				);
				GCC_SYMBOLS_PRIVATE_EXTERN = NO;
				GCC_WARN_64_TO_32_BIT_CONVERSION = YES;
				GCC_WARN_ABOUT_RETURN_TYPE = YES_ERROR;
				GCC_WARN_UNDECLARED_SELECTOR = YES;
				GCC_WARN_UNINITIALIZED_AUTOS = YES_AGGRESSIVE;
				GCC_WARN_UNUSED_FUNCTION = YES;
				GCC_WARN_UNUSED_VARIABLE = YES;
				IPHONEOS_DEPLOYMENT_TARGET = 8.1;
				MTL_ENABLE_DEBUG_INFO = YES;
				ONLY_ACTIVE_ARCH = YES;
				SDKROOT = iphoneos;
				SWIFT_OPTIMIZATION_LEVEL = "-Onone";
			};
			name = Debug;
		};
		25E7C6A91AA8284100431A81 /* Release */ = {
			isa = XCBuildConfiguration;
			buildSettings = {
				ALWAYS_SEARCH_USER_PATHS = NO;
				CLANG_CXX_LANGUAGE_STANDARD = "gnu++0x";
				CLANG_CXX_LIBRARY = "libc++";
				CLANG_ENABLE_MODULES = YES;
				CLANG_ENABLE_OBJC_ARC = YES;
				CLANG_WARN_BOOL_CONVERSION = YES;
				CLANG_WARN_CONSTANT_CONVERSION = YES;
				CLANG_WARN_DIRECT_OBJC_ISA_USAGE = YES_ERROR;
				CLANG_WARN_EMPTY_BODY = YES;
				CLANG_WARN_ENUM_CONVERSION = YES;
				CLANG_WARN_INT_CONVERSION = YES;
				CLANG_WARN_OBJC_ROOT_CLASS = YES_ERROR;
				CLANG_WARN_UNREACHABLE_CODE = YES;
				CLANG_WARN__DUPLICATE_METHOD_MATCH = YES;
				"CODE_SIGN_IDENTITY[sdk=iphoneos*]" = "iPhone Developer";
				COPY_PHASE_STRIP = YES;
				ENABLE_NS_ASSERTIONS = NO;
				ENABLE_STRICT_OBJC_MSGSEND = YES;
				GCC_C_LANGUAGE_STANDARD = gnu99;
				GCC_WARN_64_TO_32_BIT_CONVERSION = YES;
				GCC_WARN_ABOUT_RETURN_TYPE = YES_ERROR;
				GCC_WARN_UNDECLARED_SELECTOR = YES;
				GCC_WARN_UNINITIALIZED_AUTOS = YES_AGGRESSIVE;
				GCC_WARN_UNUSED_FUNCTION = YES;
				GCC_WARN_UNUSED_VARIABLE = YES;
				IPHONEOS_DEPLOYMENT_TARGET = 8.1;
				MTL_ENABLE_DEBUG_INFO = NO;
				SDKROOT = iphoneos;
				VALIDATE_PRODUCT = YES;
			};
			name = Release;
		};
		25E7C6AB1AA8284100431A81 /* Debug */ = {
			isa = XCBuildConfiguration;
			baseConfigurationReference = 12B39A0D2F7E331BB496FA50 /* Pods-alarm.debug.xcconfig */;
			buildSettings = {
				ASSETCATALOG_COMPILER_APPICON_NAME = AppIcon;
				CLANG_ENABLE_MODULES = YES;
				INFOPLIST_FILE = alarm/Info.plist;
				LD_RUNPATH_SEARCH_PATHS = "$(inherited) @executable_path/Frameworks";
				PRODUCT_NAME = "$(TARGET_NAME)";
				SWIFT_OBJC_BRIDGING_HEADER = "alarm/alarm-Bridging-Header.h";
				SWIFT_OPTIMIZATION_LEVEL = "-Onone";
			};
			name = Debug;
		};
		25E7C6AC1AA8284100431A81 /* Release */ = {
			isa = XCBuildConfiguration;
			baseConfigurationReference = B44D3343037B9278CEFF019A /* Pods-alarm.release.xcconfig */;
			buildSettings = {
				ASSETCATALOG_COMPILER_APPICON_NAME = AppIcon;
				CLANG_ENABLE_MODULES = YES;
				INFOPLIST_FILE = alarm/Info.plist;
				LD_RUNPATH_SEARCH_PATHS = "$(inherited) @executable_path/Frameworks";
				PRODUCT_NAME = "$(TARGET_NAME)";
				SWIFT_OBJC_BRIDGING_HEADER = "alarm/alarm-Bridging-Header.h";
			};
			name = Release;
		};
		25E7C6AE1AA8284100431A81 /* Debug */ = {
			isa = XCBuildConfiguration;
			buildSettings = {
				BUNDLE_LOADER = "$(TEST_HOST)";
				FRAMEWORK_SEARCH_PATHS = (
					"$(SDKROOT)/Developer/Library/Frameworks",
					"$(inherited)",
				);
				GCC_PREPROCESSOR_DEFINITIONS = (
					"DEBUG=1",
					"$(inherited)",
				);
				INFOPLIST_FILE = alarmTests/Info.plist;
				LD_RUNPATH_SEARCH_PATHS = "$(inherited) @executable_path/Frameworks @loader_path/Frameworks";
				PRODUCT_NAME = "$(TARGET_NAME)";
				TEST_HOST = "$(BUILT_PRODUCTS_DIR)/alarm.app/alarm";
			};
			name = Debug;
		};
		25E7C6AF1AA8284100431A81 /* Release */ = {
			isa = XCBuildConfiguration;
			buildSettings = {
				BUNDLE_LOADER = "$(TEST_HOST)";
				FRAMEWORK_SEARCH_PATHS = (
					"$(SDKROOT)/Developer/Library/Frameworks",
					"$(inherited)",
				);
				INFOPLIST_FILE = alarmTests/Info.plist;
				LD_RUNPATH_SEARCH_PATHS = "$(inherited) @executable_path/Frameworks @loader_path/Frameworks";
				PRODUCT_NAME = "$(TARGET_NAME)";
				TEST_HOST = "$(BUILT_PRODUCTS_DIR)/alarm.app/alarm";
			};
			name = Release;
		};
/* End XCBuildConfiguration section */

/* Begin XCConfigurationList section */
		25E7C6831AA8284100431A81 /* Build configuration list for PBXProject "alarm" */ = {
			isa = XCConfigurationList;
			buildConfigurations = (
				25E7C6A81AA8284100431A81 /* Debug */,
				25E7C6A91AA8284100431A81 /* Release */,
			);
			defaultConfigurationIsVisible = 0;
			defaultConfigurationName = Release;
		};
		25E7C6AA1AA8284100431A81 /* Build configuration list for PBXNativeTarget "alarm" */ = {
			isa = XCConfigurationList;
			buildConfigurations = (
				25E7C6AB1AA8284100431A81 /* Debug */,
				25E7C6AC1AA8284100431A81 /* Release */,
			);
			defaultConfigurationIsVisible = 0;
			defaultConfigurationName = Release;
		};
		25E7C6AD1AA8284100431A81 /* Build configuration list for PBXNativeTarget "alarmTests" */ = {
			isa = XCConfigurationList;
			buildConfigurations = (
				25E7C6AE1AA8284100431A81 /* Debug */,
				25E7C6AF1AA8284100431A81 /* Release */,
			);
			defaultConfigurationIsVisible = 0;
			defaultConfigurationName = Release;
		};
/* End XCConfigurationList section */

/* Begin XCVersionGroup section */
		25E7C68F1AA8284100431A81 /* alarm.xcdatamodeld */ = {
			isa = XCVersionGroup;
			children = (
				25E7C6901AA8284100431A81 /* alarm.xcdatamodel */,
			);
			currentVersion = 25E7C6901AA8284100431A81 /* alarm.xcdatamodel */;
			path = alarm.xcdatamodeld;
			sourceTree = "<group>";
			versionGroupType = wrapper.xcdatamodel;
		};
/* End XCVersionGroup section */
	};
	rootObject = 25E7C6801AA8284100431A81 /* Project object */;
}
