// !$*UTF8*$!
{
	archiveVersion = 1;
	classes = {
	};
	objectVersion = 46;
	objects = {

/* Begin PBXBuildFile section */
		25E7C68E1AA8284100431A81 /* AppDelegate.swift in Sources */ = {isa = PBXBuildFile; fileRef = 25E7C68D1AA8284100431A81 /* AppDelegate.swift */; };
		25E7C6911AA8284100431A81 /* alarm.xcdatamodeld in Sources */ = {isa = PBXBuildFile; fileRef = 25E7C68F1AA8284100431A81 /* alarm.xcdatamodeld */; };
		25E7C6961AA8284100431A81 /* Main.storyboard in Resources */ = {isa = PBXBuildFile; fileRef = 25E7C6941AA8284100431A81 /* Main.storyboard */; };
		25E7C6981AA8284100431A81 /* Images.xcassets in Resources */ = {isa = PBXBuildFile; fileRef = 25E7C6971AA8284100431A81 /* Images.xcassets */; };
		25E7C69B1AA8284100431A81 /* LaunchScreen.xib in Resources */ = {isa = PBXBuildFile; fileRef = 25E7C6991AA8284100431A81 /* LaunchScreen.xib */; };
		25E7C6A71AA8284100431A81 /* alarmTests.swift in Sources */ = {isa = PBXBuildFile; fileRef = 25E7C6A61AA8284100431A81 /* alarmTests.swift */; };
		273E0DCE1AAD4074005D73E3 /* AlarmViewController.swift in Sources */ = {isa = PBXBuildFile; fileRef = 273E0DCC1AAD4074005D73E3 /* AlarmViewController.swift */; };
		273E0DCF1AAD4074005D73E3 /* AlarmViewController.xib in Resources */ = {isa = PBXBuildFile; fileRef = 273E0DCD1AAD4074005D73E3 /* AlarmViewController.xib */; };
		273E0DD31AAD6591005D73E3 /* TimeElement.swift in Sources */ = {isa = PBXBuildFile; fileRef = 273E0DD21AAD6591005D73E3 /* TimeElement.swift */; };
		EC1FA470F64B8ECEEF7AD742 /* libPods-alarm.a in Frameworks */ = {isa = PBXBuildFile; fileRef = 034E64FABC2282EEAB01E5D0 /* libPods-alarm.a */; };
/* End PBXBuildFile section */

/* Begin PBXContainerItemProxy section */
		25E7C6A11AA8284100431A81 /* PBXContainerItemProxy */ = {
			isa = PBXContainerItemProxy;
			containerPortal = 25E7C6801AA8284100431A81 /* Project object */;
			proxyType = 1;
			remoteGlobalIDString = 25E7C6871AA8284100431A81;
			remoteInfo = alarm;
		};
/* End PBXContainerItemProxy section */

/* Begin PBXFileReference section */
		034E64FABC2282EEAB01E5D0 /* libPods-alarm.a */ = {isa = PBXFileReference; explicitFileType = archive.ar; includeInIndex = 0; path = "libPods-alarm.a"; sourceTree = BUILT_PRODUCTS_DIR; };
		12B39A0D2F7E331BB496FA50 /* Pods-alarm.debug.xcconfig */ = {isa = PBXFileReference; includeInIndex = 1; lastKnownFileType = text.xcconfig; name = "Pods-alarm.debug.xcconfig"; path = "Pods/Target Support Files/Pods-alarm/Pods-alarm.debug.xcconfig"; sourceTree = "<group>"; };
		256C67C21AAEA6320074F260 /* alarm-Bridging-Header.h */ = {isa = PBXFileReference; lastKnownFileType = sourcecode.c.h; path = "alarm-Bridging-Header.h"; sourceTree = "<group>"; };
		25E7C6881AA8284100431A81 /* alarm.app */ = {isa = PBXFileReference; explicitFileType = wrapper.application; includeInIndex = 0; path = alarm.app; sourceTree = BUILT_PRODUCTS_DIR; };
		25E7C68C1AA8284100431A81 /* Info.plist */ = {isa = PBXFileReference; lastKnownFileType = text.plist.xml; path = Info.plist; sourceTree = "<group>"; };
		25E7C68D1AA8284100431A81 /* AppDelegate.swift */ = {isa = PBXFileReference; lastKnownFileType = sourcecode.swift; path = AppDelegate.swift; sourceTree = "<group>"; };
		25E7C6901AA8284100431A81 /* alarm.xcdatamodel */ = {isa = PBXFileReference; lastKnownFileType = wrapper.xcdatamodel; path = alarm.xcdatamodel; sourceTree = "<group>"; };
		25E7C6951AA8284100431A81 /* Base */ = {isa = PBXFileReference; lastKnownFileType = file.storyboard; name = Base; path = Base.lproj/Main.storyboard; sourceTree = "<group>"; };
		25E7C6971AA8284100431A81 /* Images.xcassets */ = {isa = PBXFileReference; lastKnownFileType = folder.assetcatalog; path = Images.xcassets; sourceTree = "<group>"; };
		25E7C69A1AA8284100431A81 /* Base */ = {isa = PBXFileReference; lastKnownFileType = file.xib; name = Base; path = Base.lproj/LaunchScreen.xib; sourceTree = "<group>"; };
		25E7C6A01AA8284100431A81 /* alarmTests.xctest */ = {isa = PBXFileReference; explicitFileType = wrapper.cfbundle; includeInIndex = 0; path = alarmTests.xctest; sourceTree = BUILT_PRODUCTS_DIR; };
		25E7C6A51AA8284100431A81 /* Info.plist */ = {isa = PBXFileReference; lastKnownFileType = text.plist.xml; path = Info.plist; sourceTree = "<group>"; };
		25E7C6A61AA8284100431A81 /* alarmTests.swift */ = {isa = PBXFileReference; lastKnownFileType = sourcecode.swift; path = alarmTests.swift; sourceTree = "<group>"; };
		273E0DCC1AAD4074005D73E3 /* AlarmViewController.swift */ = {isa = PBXFileReference; fileEncoding = 4; lastKnownFileType = sourcecode.swift; path = AlarmViewController.swift; sourceTree = "<group>"; };
		273E0DCD1AAD4074005D73E3 /* AlarmViewController.xib */ = {isa = PBXFileReference; fileEncoding = 4; lastKnownFileType = file.xib; path = AlarmViewController.xib; sourceTree = "<group>"; };
		273E0DD01AAD5FAB005D73E3 /* scratch.playground */ = {isa = PBXFileReference; lastKnownFileType = file.playground; path = scratch.playground; sourceTree = "<group>"; };
		273E0DD21AAD6591005D73E3 /* TimeElement.swift */ = {isa = PBXFileReference; fileEncoding = 4; lastKnownFileType = sourcecode.swift; path = TimeElement.swift; sourceTree = "<group>"; };
		B44D3343037B9278CEFF019A /* Pods-alarm.release.xcconfig */ = {isa = PBXFileReference; includeInIndex = 1; lastKnownFileType = text.xcconfig; name = "Pods-alarm.release.xcconfig"; path = "Pods/Target Support Files/Pods-alarm/Pods-alarm.release.xcconfig"; sourceTree = "<group>"; };
/* End PBXFileReference section */

/* Begin PBXFrameworksBuildPhase section */
		25E7C6851AA8284100431A81 /* Frameworks */ = {
			isa = PBXFrameworksBuildPhase;
			buildActionMask = 2147483647;
			files = (
				EC1FA470F64B8ECEEF7AD742 /* libPods-alarm.a in Frameworks */,
			);
			runOnlyForDeploymentPostprocessing = 0;
		};
		25E7C69D1AA8284100431A81 /* Frameworks */ = {
			isa = PBXFrameworksBuildPhase;
			buildActionMask = 2147483647;
			files = (
			);
			runOnlyForDeploymentPostprocessing = 0;
		};
/* End PBXFrameworksBuildPhase section */

/* Begin PBXGroup section */
		253F9DFC1AA95162007A1457 /* Controllers */ = {
			isa = PBXGroup;
			children = (
				273E0DCC1AAD4074005D73E3 /* AlarmViewController.swift */,
			);
			name = Controllers;
			sourceTree = "<group>";
		};
		254B59CD1AABA36E00A7E3F1 /* Views */ = {
			isa = PBXGroup;
			children = (
				273E0DCD1AAD4074005D73E3 /* AlarmViewController.xib */,
			);
			name = Views;
			sourceTree = "<group>";
		};
		25E7C67F1AA8284100431A81 = {
			isa = PBXGroup;
			children = (
				273E0DD01AAD5FAB005D73E3 /* scratch.playground */,
				25E7C68A1AA8284100431A81 /* alarm */,
				25E7C6A31AA8284100431A81 /* alarmTests */,
				25E7C6891AA8284100431A81 /* Products */,
				39C66CE13E8DFFD97A0650FC /* Pods */,
				A1FFBE7D1FB3B8E248EE8966 /* Frameworks */,
			);
			sourceTree = "<group>";
		};
		25E7C6891AA8284100431A81 /* Products */ = {
			isa = PBXGroup;
			children = (
				25E7C6881AA8284100431A81 /* alarm.app */,
				25E7C6A01AA8284100431A81 /* alarmTests.xctest */,
			);
			name = Products;
			sourceTree = "<group>";
		};
		25E7C68A1AA8284100431A81 /* alarm */ = {
			isa = PBXGroup;
			children = (
				253F9DFC1AA95162007A1457 /* Controllers */,
				273E0DD11AAD655B005D73E3 /* Lib */,
				254B59CD1AABA36E00A7E3F1 /* Views */,
				25E7C68D1AA8284100431A81 /* AppDelegate.swift */,
				25E7C6941AA8284100431A81 /* Main.storyboard */,
				25E7C6971AA8284100431A81 /* Images.xcassets */,
				25E7C6991AA8284100431A81 /* LaunchScreen.xib */,
				25E7C68F1AA8284100431A81 /* alarm.xcdatamodeld */,
				25E7C68B1AA8284100431A81 /* Supporting Files */,
				256C67C21AAEA6320074F260 /* alarm-Bridging-Header.h */,
			);
			path = alarm;
			sourceTree = "<group>";
		};
		25E7C68B1AA8284100431A81 /* Supporting Files */ = {
			isa = PBXGroup;
			children = (
				25E7C68C1AA8284100431A81 /* Info.plist */,
			);
			name = "Supporting Files";
			sourceTree = "<group>";
		};
		25E7C6A31AA8284100431A81 /* alarmTests */ = {
			isa = PBXGroup;
			children = (
				25E7C6A61AA8284100431A81 /* alarmTests.swift */,
				25E7C6A41AA8284100431A81 /* Supporting Files */,
			);
			path = alarmTests;
			sourceTree = "<group>";
		};
		25E7C6A41AA8284100431A81 /* Supporting Files */ = {
			isa = PBXGroup;
			children = (
				25E7C6A51AA8284100431A81 /* Info.plist */,
			);
			name = "Supporting Files";
			sourceTree = "<group>";
		};
		273E0DD11AAD655B005D73E3 /* Lib */ = {
			isa = PBXGroup;
			children = (
				273E0DD21AAD6591005D73E3 /* TimeElement.swift */,
			);
			name = Lib;
			sourceTree = "<group>";
		};
		39C66CE13E8DFFD97A0650FC /* Pods */ = {
			isa = PBXGroup;
			children = (
				12B39A0D2F7E331BB496FA50 /* Pods-alarm.debug.xcconfig */,
				B44D3343037B9278CEFF019A /* Pods-alarm.release.xcconfig */,
			);
			name = Pods;
			sourceTree = "<group>";
		};
		A1FFBE7D1FB3B8E248EE8966 /* Frameworks */ = {
			isa = PBXGroup;
			children = (
				034E64FABC2282EEAB01E5D0 /* libPods-alarm.a */,
			);
			name = Frameworks;
			sourceTree = "<group>";
		};
/* End PBXGroup section */

/* Begin PBXNativeTarget section */
		25E7C6871AA8284100431A81 /* alarm */ = {
			isa = PBXNativeTarget;
			buildConfigurationList = 25E7C6AA1AA8284100431A81 /* Build configuration list for PBXNativeTarget "alarm" */;
			buildPhases = (
				F784DBC39E994C5728B8A394 /* Check Pods Manifest.lock */,
				25E7C6841AA8284100431A81 /* Sources */,
				25E7C6851AA8284100431A81 /* Frameworks */,
				25E7C6861AA8284100431A81 /* Resources */,
				92ADDD6802CBBE3F7F976711 /* Copy Pods Resources */,
			);
			buildRules = (
			);
			dependencies = (
			);
			name = alarm;
			productName = alarm;
			productReference = 25E7C6881AA8284100431A81 /* alarm.app */;
			productType = "com.apple.product-type.application";
		};
		25E7C69F1AA8284100431A81 /* alarmTests */ = {
			isa = PBXNativeTarget;
			buildConfigurationList = 25E7C6AD1AA8284100431A81 /* Build configuration list for PBXNativeTarget "alarmTests" */;
			buildPhases = (
				25E7C69C1AA8284100431A81 /* Sources */,
				25E7C69D1AA8284100431A81 /* Frameworks */,
				25E7C69E1AA8284100431A81 /* Resources */,
			);
			buildRules = (
			);
			dependencies = (
				25E7C6A21AA8284100431A81 /* PBXTargetDependency */,
			);
			name = alarmTests;
			productName = alarmTests;
			productReference = 25E7C6A01AA8284100431A81 /* alarmTests.xctest */;
			productType = "com.apple.product-type.bundle.unit-test";
		};
/* End PBXNativeTarget section */

/* Begin PBXProject section */
		25E7C6801AA8284100431A81 /* Project object */ = {
			isa = PBXProject;
			attributes = {
				LastUpgradeCheck = 0610;
				ORGANIZATIONNAME = "Kevin Farst";
				TargetAttributes = {
					25E7C6871AA8284100431A81 = {
						CreatedOnToolsVersion = 6.1.1;
					};
					25E7C69F1AA8284100431A81 = {
						CreatedOnToolsVersion = 6.1.1;
						TestTargetID = 25E7C6871AA8284100431A81;
					};
				};
			};
			buildConfigurationList = 25E7C6831AA8284100431A81 /* Build configuration list for PBXProject "alarm" */;
			compatibilityVersion = "Xcode 3.2";
			developmentRegion = English;
			hasScannedForEncodings = 0;
			knownRegions = (
				en,
				Base,
			);
			mainGroup = 25E7C67F1AA8284100431A81;
			productRefGroup = 25E7C6891AA8284100431A81 /* Products */;
			projectDirPath = "";
			projectRoot = "";
			targets = (
				25E7C6871AA8284100431A81 /* alarm */,
				25E7C69F1AA8284100431A81 /* alarmTests */,
			);
		};
/* End PBXProject section */

/* Begin PBXResourcesBuildPhase section */
		25E7C6861AA8284100431A81 /* Resources */ = {
			isa = PBXResourcesBuildPhase;
			buildActionMask = 2147483647;
			files = (
				25E7C6961AA8284100431A81 /* Main.storyboard in Resources */,
				25E7C69B1AA8284100431A81 /* LaunchScreen.xib in Resources */,
				25E7C6981AA8284100431A81 /* Images.xcassets in Resources */,
				273E0DCF1AAD4074005D73E3 /* AlarmViewController.xib in Resources */,
			);
			runOnlyForDeploymentPostprocessing = 0;
		};
		25E7C69E1AA8284100431A81 /* Resources */ = {
			isa = PBXResourcesBuildPhase;
			buildActionMask = 2147483647;
			files = (
			);
			runOnlyForDeploymentPostprocessing = 0;
		};
/* End PBXResourcesBuildPhase section */

/* Begin PBXShellScriptBuildPhase section */
		92ADDD6802CBBE3F7F976711 /* Copy Pods Resources */ = {
			isa = PBXShellScriptBuildPhase;
			buildActionMask = 2147483647;
			files = (
			);
			inputPaths = (
			);
			name = "Copy Pods Resources";
			outputPaths = (
			);
			runOnlyForDeploymentPostprocessing = 0;
			shellPath = /bin/sh;
			shellScript = "\"${SRCROOT}/Pods/Target Support Files/Pods-alarm/Pods-alarm-resources.sh\"\n";
			showEnvVarsInLog = 0;
		};
		F784DBC39E994C5728B8A394 /* Check Pods Manifest.lock */ = {
			isa = PBXShellScriptBuildPhase;
			buildActionMask = 2147483647;
			files = (
			);
			inputPaths = (
			);
			name = "Check Pods Manifest.lock";
			outputPaths = (
			);
			runOnlyForDeploymentPostprocessing = 0;
			shellPath = /bin/sh;
			shellScript = "diff \"${PODS_ROOT}/../Podfile.lock\" \"${PODS_ROOT}/Manifest.lock\" > /dev/null\nif [[ $? != 0 ]] ; then\n    cat << EOM\nerror: The sandbox is not in sync with the Podfile.lock. Run 'pod install' or update your CocoaPods installation.\nEOM\n    exit 1\nfi\n";
			showEnvVarsInLog = 0;
		};
/* End PBXShellScriptBuildPhase section */

/* Begin PBXSourcesBuildPhase section */
		25E7C6841AA8284100431A81 /* Sources */ = {
			isa = PBXSourcesBuildPhase;
			buildActionMask = 2147483647;
			files = (
				273E0DCE1AAD4074005D73E3 /* AlarmViewController.swift in Sources */,
				25E7C68E1AA8284100431A81 /* AppDelegate.swift in Sources */,
				25E7C6911AA8284100431A81 /* alarm.xcdatamodeld in Sources */,
				273E0DD31AAD6591005D73E3 /* TimeElement.swift in Sources */,
			);
			runOnlyForDeploymentPostprocessing = 0;
		};
		25E7C69C1AA8284100431A81 /* Sources */ = {
			isa = PBXSourcesBuildPhase;
			buildActionMask = 2147483647;
			files = (
				25E7C6A71AA8284100431A81 /* alarmTests.swift in Sources */,
			);
			runOnlyForDeploymentPostprocessing = 0;
		};
/* End PBXSourcesBuildPhase section */

/* Begin PBXTargetDependency section */
		25E7C6A21AA8284100431A81 /* PBXTargetDependency */ = {
			isa = PBXTargetDependency;
			target = 25E7C6871AA8284100431A81 /* alarm */;
			targetProxy = 25E7C6A11AA8284100431A81 /* PBXContainerItemProxy */;
		};
/* End PBXTargetDependency section */

/* Begin PBXVariantGroup section */
		25E7C6941AA8284100431A81 /* Main.storyboard */ = {
			isa = PBXVariantGroup;
			children = (
				25E7C6951AA8284100431A81 /* Base */,
			);
			name = Main.storyboard;
			sourceTree = "<group>";
		};
		25E7C6991AA8284100431A81 /* LaunchScreen.xib */ = {
			isa = PBXVariantGroup;
			children = (
				25E7C69A1AA8284100431A81 /* Base */,
			);
			name = LaunchScreen.xib;
			sourceTree = "<group>";
		};
/* End PBXVariantGroup section */

/* Begin XCBuildConfiguration section */
		25E7C6A81AA8284100431A81 /* Debug */ = {
			isa = XCBuildConfiguration;
			buildSettings = {
				ALWAYS_SEARCH_USER_PATHS = NO;
				CLANG_CXX_LANGUAGE_STANDARD = "gnu++0x";
				CLANG_CXX_LIBRARY = "libc++";
				CLANG_ENABLE_MODULES = YES;
				CLANG_ENABLE_OBJC_ARC = YES;
				CLANG_WARN_BOOL_CONVERSION = YES;
				CLANG_WARN_CONSTANT_CONVERSION = YES;
				CLANG_WARN_DIRECT_OBJC_ISA_USAGE = YES_ERROR;
				CLANG_WARN_EMPTY_BODY = YES;
				CLANG_WARN_ENUM_CONVERSION = YES;
				CLANG_WARN_INT_CONVERSION = YES;
				CLANG_WARN_OBJC_ROOT_CLASS = YES_ERROR;
				CLANG_WARN_UNREACHABLE_CODE = YES;
				CLANG_WARN__DUPLICATE_METHOD_MATCH = YES;
				"CODE_SIGN_IDENTITY[sdk=iphoneos*]" = "iPhone Developer";
				COPY_PHASE_STRIP = NO;
				ENABLE_STRICT_OBJC_MSGSEND = YES;
				GCC_C_LANGUAGE_STANDARD = gnu99;
				GCC_DYNAMIC_NO_PIC = NO;
				GCC_OPTIMIZATION_LEVEL = 0;
				GCC_PREPROCESSOR_DEFINITIONS = (
					"DEBUG=1",
					"$(inherited)",
				);
				GCC_SYMBOLS_PRIVATE_EXTERN = NO;
				GCC_WARN_64_TO_32_BIT_CONVERSION = YES;
				GCC_WARN_ABOUT_RETURN_TYPE = YES_ERROR;
				GCC_WARN_UNDECLARED_SELECTOR = YES;
				GCC_WARN_UNINITIALIZED_AUTOS = YES_AGGRESSIVE;
				GCC_WARN_UNUSED_FUNCTION = YES;
				GCC_WARN_UNUSED_VARIABLE = YES;
				IPHONEOS_DEPLOYMENT_TARGET = 8.1;
				MTL_ENABLE_DEBUG_INFO = YES;
				ONLY_ACTIVE_ARCH = YES;
				SDKROOT = iphoneos;
				SWIFT_OPTIMIZATION_LEVEL = "-Onone";
			};
			name = Debug;
		};
		25E7C6A91AA8284100431A81 /* Release */ = {
			isa = XCBuildConfiguration;
			buildSettings = {
				ALWAYS_SEARCH_USER_PATHS = NO;
				CLANG_CXX_LANGUAGE_STANDARD = "gnu++0x";
				CLANG_CXX_LIBRARY = "libc++";
				CLANG_ENABLE_MODULES = YES;
				CLANG_ENABLE_OBJC_ARC = YES;
				CLANG_WARN_BOOL_CONVERSION = YES;
				CLANG_WARN_CONSTANT_CONVERSION = YES;
				CLANG_WARN_DIRECT_OBJC_ISA_USAGE = YES_ERROR;
				CLANG_WARN_EMPTY_BODY = YES;
				CLANG_WARN_ENUM_CONVERSION = YES;
				CLANG_WARN_INT_CONVERSION = YES;
				CLANG_WARN_OBJC_ROOT_CLASS = YES_ERROR;
				CLANG_WARN_UNREACHABLE_CODE = YES;
				CLANG_WARN__DUPLICATE_METHOD_MATCH = YES;
				"CODE_SIGN_IDENTITY[sdk=iphoneos*]" = "iPhone Developer";
				COPY_PHASE_STRIP = YES;
				ENABLE_NS_ASSERTIONS = NO;
				ENABLE_STRICT_OBJC_MSGSEND = YES;
				GCC_C_LANGUAGE_STANDARD = gnu99;
				GCC_WARN_64_TO_32_BIT_CONVERSION = YES;
				GCC_WARN_ABOUT_RETURN_TYPE = YES_ERROR;
				GCC_WARN_UNDECLARED_SELECTOR = YES;
				GCC_WARN_UNINITIALIZED_AUTOS = YES_AGGRESSIVE;
				GCC_WARN_UNUSED_FUNCTION = YES;
				GCC_WARN_UNUSED_VARIABLE = YES;
				IPHONEOS_DEPLOYMENT_TARGET = 8.1;
				MTL_ENABLE_DEBUG_INFO = NO;
				SDKROOT = iphoneos;
				VALIDATE_PRODUCT = YES;
			};
			name = Release;
		};
		25E7C6AB1AA8284100431A81 /* Debug */ = {
			isa = XCBuildConfiguration;
			baseConfigurationReference = 12B39A0D2F7E331BB496FA50 /* Pods-alarm.debug.xcconfig */;
			buildSettings = {
				ASSETCATALOG_COMPILER_APPICON_NAME = AppIcon;
				CLANG_ENABLE_MODULES = YES;
				INFOPLIST_FILE = alarm/Info.plist;
				LD_RUNPATH_SEARCH_PATHS = "$(inherited) @executable_path/Frameworks";
				PRODUCT_NAME = "$(TARGET_NAME)";
				SWIFT_OBJC_BRIDGING_HEADER = "alarm/alarm-Bridging-Header.h";
				SWIFT_OPTIMIZATION_LEVEL = "-Onone";
			};
			name = Debug;
		};
		25E7C6AC1AA8284100431A81 /* Release */ = {
			isa = XCBuildConfiguration;
			baseConfigurationReference = B44D3343037B9278CEFF019A /* Pods-alarm.release.xcconfig */;
			buildSettings = {
				ASSETCATALOG_COMPILER_APPICON_NAME = AppIcon;
				CLANG_ENABLE_MODULES = YES;
				INFOPLIST_FILE = alarm/Info.plist;
				LD_RUNPATH_SEARCH_PATHS = "$(inherited) @executable_path/Frameworks";
				PRODUCT_NAME = "$(TARGET_NAME)";
				SWIFT_OBJC_BRIDGING_HEADER = "alarm/alarm-Bridging-Header.h";
			};
			name = Release;
		};
		25E7C6AE1AA8284100431A81 /* Debug */ = {
			isa = XCBuildConfiguration;
			buildSettings = {
				BUNDLE_LOADER = "$(TEST_HOST)";
				FRAMEWORK_SEARCH_PATHS = (
					"$(SDKROOT)/Developer/Library/Frameworks",
					"$(inherited)",
				);
				GCC_PREPROCESSOR_DEFINITIONS = (
					"DEBUG=1",
					"$(inherited)",
				);
				INFOPLIST_FILE = alarmTests/Info.plist;
				LD_RUNPATH_SEARCH_PATHS = "$(inherited) @executable_path/Frameworks @loader_path/Frameworks";
				PRODUCT_NAME = "$(TARGET_NAME)";
				TEST_HOST = "$(BUILT_PRODUCTS_DIR)/alarm.app/alarm";
			};
			name = Debug;
		};
		25E7C6AF1AA8284100431A81 /* Release */ = {
			isa = XCBuildConfiguration;
			buildSettings = {
				BUNDLE_LOADER = "$(TEST_HOST)";
				FRAMEWORK_SEARCH_PATHS = (
					"$(SDKROOT)/Developer/Library/Frameworks",
					"$(inherited)",
				);
				INFOPLIST_FILE = alarmTests/Info.plist;
				LD_RUNPATH_SEARCH_PATHS = "$(inherited) @executable_path/Frameworks @loader_path/Frameworks";
				PRODUCT_NAME = "$(TARGET_NAME)";
				TEST_HOST = "$(BUILT_PRODUCTS_DIR)/alarm.app/alarm";
			};
			name = Release;
		};
/* End XCBuildConfiguration section */

/* Begin XCConfigurationList section */
		25E7C6831AA8284100431A81 /* Build configuration list for PBXProject "alarm" */ = {
			isa = XCConfigurationList;
			buildConfigurations = (
				25E7C6A81AA8284100431A81 /* Debug */,
				25E7C6A91AA8284100431A81 /* Release */,
			);
			defaultConfigurationIsVisible = 0;
			defaultConfigurationName = Release;
		};
		25E7C6AA1AA8284100431A81 /* Build configuration list for PBXNativeTarget "alarm" */ = {
			isa = XCConfigurationList;
			buildConfigurations = (
				25E7C6AB1AA8284100431A81 /* Debug */,
				25E7C6AC1AA8284100431A81 /* Release */,
			);
			defaultConfigurationIsVisible = 0;
			defaultConfigurationName = Release;
		};
		25E7C6AD1AA8284100431A81 /* Build configuration list for PBXNativeTarget "alarmTests" */ = {
			isa = XCConfigurationList;
			buildConfigurations = (
				25E7C6AE1AA8284100431A81 /* Debug */,
				25E7C6AF1AA8284100431A81 /* Release */,
			);
			defaultConfigurationIsVisible = 0;
			defaultConfigurationName = Release;
		};
/* End XCConfigurationList section */

/* Begin XCVersionGroup section */
		25E7C68F1AA8284100431A81 /* alarm.xcdatamodeld */ = {
			isa = XCVersionGroup;
			children = (
				25E7C6901AA8284100431A81 /* alarm.xcdatamodel */,
			);
			currentVersion = 25E7C6901AA8284100431A81 /* alarm.xcdatamodel */;
			path = alarm.xcdatamodeld;
			sourceTree = "<group>";
			versionGroupType = wrapper.xcdatamodel;
		};
/* End XCVersionGroup section */
	};
	rootObject = 25E7C6801AA8284100431A81 /* Project object */;
}
